<?xml version="1.0" encoding="utf-8"?>
<Project ToolsVersion="4.0" xmlns="http://schemas.microsoft.com/developer/msbuild/2003">
  <ItemGroup>
    <Filter Include="소스 파일">
      <UniqueIdentifier>{4FC737F1-C7A5-4376-A066-2A32D752A2FF}</UniqueIdentifier>
      <Extensions>cpp;c;cc;cxx;def;odl;idl;hpj;bat;asm;asmx</Extensions>
    </Filter>
    <Filter Include="헤더 파일">
      <UniqueIdentifier>{93995380-89BD-4b04-88EB-625FBE52EBFB}</UniqueIdentifier>
      <Extensions>h;hh;hpp;hxx;hm;inl;inc;xsd</Extensions>
    </Filter>
    <Filter Include="리소스 파일">
      <UniqueIdentifier>{67DA6AB6-F800-4c08-8B7A-83BB121AAD01}</UniqueIdentifier>
      <Extensions>rc;ico;cur;bmp;dlg;rc2;rct;bin;rgs;gif;jpg;jpeg;jpe;resx;tiff;tif;png;wav;mfcribbon-ms</Extensions>
    </Filter>
    <Filter Include="소스 파일\Framework">
      <UniqueIdentifier>{87f64a0f-7d30-41f2-b582-8f6d3de91a09}</UniqueIdentifier>
    </Filter>
    <Filter Include="헤더 파일\Framework">
      <UniqueIdentifier>{59d7049c-9ca4-48ab-a752-98d4e433a4fc}</UniqueIdentifier>
    </Filter>
    <Filter Include="헤더 파일\GameState">
      <UniqueIdentifier>{0b71b52a-55ab-4506-96fc-8ac3d503e36a}</UniqueIdentifier>
    </Filter>
    <Filter Include="소스 파일\GameState">
      <UniqueIdentifier>{76d255f0-1d10-4015-8810-9de2c13c06c9}</UniqueIdentifier>
    </Filter>
    <Filter Include="소스 파일\Object">
      <UniqueIdentifier>{37e4c959-1006-445c-816c-b2de3a9485e8}</UniqueIdentifier>
    </Filter>
    <Filter Include="헤더 파일\Object">
      <UniqueIdentifier>{3993e4c6-4a1c-4dcc-b1b6-d5c895e13397}</UniqueIdentifier>
    </Filter>
    <Filter Include="소스 파일\Object\Mesh">
      <UniqueIdentifier>{8bbac6e5-0154-4944-9f30-c461af64e1cc}</UniqueIdentifier>
    </Filter>
    <Filter Include="소스 파일\Framework\grid">
      <UniqueIdentifier>{b1c4376f-5cc6-493b-8a4c-e07a7590efc2}</UniqueIdentifier>
    </Filter>
    <Filter Include="헤더 파일\Framework\grid">
      <UniqueIdentifier>{cb958dd1-06fb-4253-bc8e-d6cf1888a078}</UniqueIdentifier>
    </Filter>
    <Filter Include="헤더 파일\Object\Mesh">
      <UniqueIdentifier>{f2d921bb-9a19-43f7-98dd-b5f5f194f4bf}</UniqueIdentifier>
    </Filter>
    <Filter Include="소스 파일\Object\Mesh\objFile">
      <UniqueIdentifier>{1d0da799-27c1-4c1d-a5ce-c52f92f5e048}</UniqueIdentifier>
    </Filter>
    <Filter Include="헤더 파일\Object\Mesh\ObjFile">
      <UniqueIdentifier>{8a926a45-9af1-451c-88f4-6bd507430e2a}</UniqueIdentifier>
    </Filter>
    <Filter Include="헤더 파일\Object\Mesh\AseFile">
      <UniqueIdentifier>{187b8eb8-bcab-4912-bdad-a9898a4a2913}</UniqueIdentifier>
    </Filter>
    <Filter Include="헤더 파일\Object\Character">
      <UniqueIdentifier>{acd959ef-452d-488b-a260-fd510e301d9b}</UniqueIdentifier>
    </Filter>
    <Filter Include="소스 파일\Object\Mesh\AseFile">
      <UniqueIdentifier>{46c25c11-a1b8-4305-83be-4245323d8b2d}</UniqueIdentifier>
    </Filter>
    <Filter Include="소스 파일\Object\Character">
      <UniqueIdentifier>{81859a88-5223-44fc-beb8-ca15b072e4bb}</UniqueIdentifier>
    </Filter>
    <Filter Include="소스 파일\Framework\Utils">
      <UniqueIdentifier>{0e0d8825-c5d5-42a0-8a19-886d350a8a0d}</UniqueIdentifier>
    </Filter>
    <Filter Include="소스 파일\Framework\UI">
      <UniqueIdentifier>{67ac41a3-3eba-4959-af4f-5fd9eb0d4b01}</UniqueIdentifier>
    </Filter>
    <Filter Include="소스 파일\Framework\Managers">
      <UniqueIdentifier>{73c83be0-a7a8-444f-bd3b-b00274cd7d1d}</UniqueIdentifier>
    </Filter>
    <Filter Include="헤더 파일\Framework\Utils">
      <UniqueIdentifier>{9ddc65c8-8127-463f-a728-d1c24be540bf}</UniqueIdentifier>
    </Filter>
    <Filter Include="헤더 파일\Framework\UI">
      <UniqueIdentifier>{fd1577cf-e6aa-4879-a259-489d190c7646}</UniqueIdentifier>
    </Filter>
    <Filter Include="헤더 파일\Framework\Managers">
      <UniqueIdentifier>{74e7ccb5-f87f-4234-b212-f629ee3d8608}</UniqueIdentifier>
    </Filter>
    <Filter Include="헤더 파일\Object\Field">
      <UniqueIdentifier>{7f77442f-83d0-483d-8216-ce740f289e85}</UniqueIdentifier>
    </Filter>
    <Filter Include="소스 파일\Object\Field">
      <UniqueIdentifier>{732019c9-d5d8-4a31-a889-7282549ed6d5}</UniqueIdentifier>
    </Filter>
    <Filter Include="소스 파일\Framework\Camera">
      <UniqueIdentifier>{9adc6e21-97e5-419e-bd32-0cd2dac00639}</UniqueIdentifier>
    </Filter>
    <Filter Include="소스 파일\Framework\Collision">
      <UniqueIdentifier>{87e6f302-d557-4d8f-b87b-fb328ce01c69}</UniqueIdentifier>
    </Filter>
    <Filter Include="헤더 파일\Framework\Camera">
      <UniqueIdentifier>{9ba3d6f0-7931-4e8b-9fe8-e04a48da4811}</UniqueIdentifier>
    </Filter>
    <Filter Include="헤더 파일\Framework\Collision">
      <UniqueIdentifier>{ea63fb8b-5aa6-4443-8fd6-7d091d202d26}</UniqueIdentifier>
    </Filter>
    <Filter Include="소스 파일\Object\X_File">
      <UniqueIdentifier>{05bfecae-469a-4fe5-8548-1ee34e5f648b}</UniqueIdentifier>
    </Filter>
    <Filter Include="헤더 파일\Object\X_File">
      <UniqueIdentifier>{5fa9ff69-96ac-4bfd-ad23-207f6898fdce}</UniqueIdentifier>
    </Filter>
    <Filter Include="헤더 파일\Object\Field\HeightMap">
      <UniqueIdentifier>{443d518d-4f9d-43fc-a8f4-0965d64ca6ea}</UniqueIdentifier>
    </Filter>
  </ItemGroup>
  <ItemGroup>
    <ClCompile Include="stdafx.cpp">
      <Filter>소스 파일\Framework</Filter>
    </ClCompile>
    <ClCompile Include="GameManager.cpp">
      <Filter>소스 파일\Framework\Managers</Filter>
    </ClCompile>
    <ClCompile Include="RandomUtil.cpp">
      <Filter>소스 파일\Framework\Utils</Filter>
    </ClCompile>
    <ClCompile Include="GameStateManager.cpp">
      <Filter>소스 파일\Framework\Managers</Filter>
    </ClCompile>
    <ClCompile Include="UI_Manger.cpp">
      <Filter>소스 파일\Framework\Managers</Filter>
    </ClCompile>
    <ClCompile Include="GameState_OBJ_Load.cpp">
      <Filter>소스 파일\GameState</Filter>
    </ClCompile>
    <ClCompile Include="TextureManager.cpp">
      <Filter>소스 파일\Framework\Managers</Filter>
    </ClCompile>
    <ClCompile Include="UI_Base.cpp">
      <Filter>소스 파일\Framework\UI</Filter>
    </ClCompile>
    <ClCompile Include="UI_Button.cpp">
      <Filter>소스 파일\Framework\UI</Filter>
    </ClCompile>
    <ClCompile Include="UI_Functions.cpp">
      <Filter>소스 파일\Framework\UI</Filter>
    </ClCompile>
    <ClCompile Include="UI_Image.cpp">
      <Filter>소스 파일\Framework\UI</Filter>
    </ClCompile>
    <ClCompile Include="UI_Quest.cpp">
      <Filter>소스 파일\Framework\UI</Filter>
    </ClCompile>
    <ClCompile Include="UI_Text.cpp">
      <Filter>소스 파일\Framework\UI</Filter>
    </ClCompile>
    <ClCompile Include="Dijkstra.cpp">
      <Filter>소스 파일\Framework\Utils</Filter>
    </ClCompile>
    <ClCompile Include="Pyramid.cpp">
      <Filter>소스 파일\Framework\grid</Filter>
    </ClCompile>
    <ClCompile Include="Grid.cpp">
      <Filter>소스 파일\Framework\grid</Filter>
    </ClCompile>
    <ClCompile Include="GameState_HeightMap.cpp">
      <Filter>소스 파일\GameState</Filter>
    </ClCompile>
    <ClCompile Include="GameObject.cpp">
      <Filter>소스 파일\Object</Filter>
    </ClCompile>
    <ClCompile Include="AseFrame.cpp">
      <Filter>소스 파일\Object\Mesh\AseFile</Filter>
    </ClCompile>
    <ClCompile Include="AseLoader.cpp">
      <Filter>소스 파일\Object\Mesh\AseFile</Filter>
    </ClCompile>
    <ClCompile Include="ObjLoader.cpp">
      <Filter>소스 파일\Object\Mesh\objFile</Filter>
    </ClCompile>
    <ClCompile Include="Obj.cpp">
      <Filter>소스 파일\Object\Mesh\objFile</Filter>
    </ClCompile>
    <ClCompile Include="ObjFileGroup.cpp">
      <Filter>소스 파일\Object\Mesh\objFile</Filter>
    </ClCompile>
    <ClCompile Include="Character.cpp">
      <Filter>소스 파일\Object\Character</Filter>
    </ClCompile>
    <ClCompile Include="GameState_SkyBox.cpp">
      <Filter>헤더 파일\GameState</Filter>
    </ClCompile>
    <ClCompile Include="SkyBox.cpp">
      <Filter>소스 파일\Object\Field</Filter>
    </ClCompile>
    <ClCompile Include="Rocks_save.cpp">
      <Filter>소스 파일\Object\Field</Filter>
    </ClCompile>
    <ClCompile Include="Character_HeightMapMove.cpp">
      <Filter>소스 파일\Object\Character</Filter>
    </ClCompile>
    <ClCompile Include="FrustumCulling.cpp">
      <Filter>소스 파일\Framework\Camera</Filter>
    </ClCompile>
    <ClCompile Include="Camera.cpp">
      <Filter>소스 파일\Framework\Camera</Filter>
    </ClCompile>
    <ClCompile Include="Collision.cpp">
      <Filter>소스 파일\Framework\Collision</Filter>
    </ClCompile>
    <ClCompile Include="Collider_Sphere.cpp">
      <Filter>소스 파일\Framework\Collision</Filter>
    </ClCompile>
    <ClCompile Include="Collider_Box.cpp">
      <Filter>소스 파일\Framework\Collision</Filter>
    </ClCompile>
    <ClCompile Include="Tree.cpp">
      <Filter>소스 파일\Object\Field</Filter>
    </ClCompile>
    <ClCompile Include="PlantTree.cpp">
      <Filter>소스 파일\Object\Field</Filter>
    </ClCompile>
    <ClCompile Include="SkinnedMeshManager.cpp">
      <Filter>소스 파일\Framework\Managers</Filter>
    </ClCompile>
    <ClCompile Include="SkinnedMesh.cpp">
      <Filter>소스 파일\Object\X_File</Filter>
    </ClCompile>
    <ClCompile Include="AllocateHierarchy.cpp">
      <Filter>소스 파일\Object\X_File</Filter>
    </ClCompile>
    <ClCompile Include="SkinnedCharacter.cpp">
      <Filter>소스 파일\Object\X_File</Filter>
    </ClCompile>
    <ClCompile Include="Player.cpp">
      <Filter>소스 파일\Object\X_File</Filter>
    </ClCompile>
    <ClCompile Include="QuadTree.cpp">
      <Filter>소스 파일\Object\Field</Filter>
    </ClCompile>
    <ClCompile Include="HeightMap.cpp">
      <Filter>소스 파일\Object\Field</Filter>
    </ClCompile>
    <ClCompile Include="main.cpp">
      <Filter>소스 파일\Framework</Filter>
    </ClCompile>
    <ClCompile Include="Rock_location.cpp">
      <Filter>소스 파일\Object\Field</Filter>
    </ClCompile>
    <ClCompile Include="AIController.cpp">
      <Filter>소스 파일\Framework\Utils</Filter>
    </ClCompile>
    <ClCompile Include="Boss.cpp">
      <Filter>소스 파일\Object\X_File</Filter>
    </ClCompile>
    <ClCompile Include="Minion.cpp">
      <Filter>소스 파일\Object\X_File</Filter>
    </ClCompile>
    <ClCompile Include="Monster.cpp">
      <Filter>소스 파일\Object\X_File</Filter>
    </ClCompile>
  </ItemGroup>
  <ItemGroup>
    <ClInclude Include="stdafx.h">
      <Filter>헤더 파일\Framework</Filter>
    </ClInclude>
    <ClInclude Include="GameManager.h">
      <Filter>헤더 파일\Framework\Managers</Filter>
    </ClInclude>
    <ClInclude Include="RandomUtil.h">
      <Filter>헤더 파일\Framework\Utils</Filter>
    </ClInclude>
    <ClInclude Include="GameState.h">
      <Filter>헤더 파일\GameState</Filter>
    </ClInclude>
    <ClInclude Include="GameStateManager.h">
      <Filter>헤더 파일\Framework\Managers</Filter>
    </ClInclude>
    <ClInclude Include="UI_Manger.h">
      <Filter>헤더 파일\Framework\Managers</Filter>
    </ClInclude>
    <ClInclude Include="GameState_OBJ_Load.h">
      <Filter>헤더 파일\GameState</Filter>
    </ClInclude>
    <ClInclude Include="TextureManager.h">
      <Filter>헤더 파일\Framework\Managers</Filter>
    </ClInclude>
    <ClInclude Include="UI_Base.h">
      <Filter>헤더 파일\Framework\UI</Filter>
    </ClInclude>
    <ClInclude Include="UI_Button.h">
      <Filter>헤더 파일\Framework\UI</Filter>
    </ClInclude>
    <ClInclude Include="UI_Functions.h">
      <Filter>헤더 파일\Framework\UI</Filter>
    </ClInclude>
    <ClInclude Include="UI_Image.h">
      <Filter>헤더 파일\Framework\UI</Filter>
    </ClInclude>
    <ClInclude Include="UI_Quest.h">
      <Filter>헤더 파일\Framework\UI</Filter>
    </ClInclude>
    <ClInclude Include="UI_Text.h">
      <Filter>헤더 파일\Framework\UI</Filter>
    </ClInclude>
    <ClInclude Include="Dijkstra.h">
      <Filter>헤더 파일\Framework\Utils</Filter>
    </ClInclude>
    <ClInclude Include="Grid.h">
      <Filter>헤더 파일\Framework\grid</Filter>
    </ClInclude>
    <ClInclude Include="Pyramid.h">
      <Filter>헤더 파일\Framework\grid</Filter>
    </ClInclude>
    <ClInclude Include="GameState_HeightMap.h">
      <Filter>헤더 파일\GameState</Filter>
    </ClInclude>
    <ClInclude Include="Obj.h">
      <Filter>헤더 파일\Object\Mesh\ObjFile</Filter>
    </ClInclude>
    <ClInclude Include="ObjFileGroup.h">
      <Filter>헤더 파일\Object\Mesh\ObjFile</Filter>
    </ClInclude>
    <ClInclude Include="ObjLoader.h">
      <Filter>헤더 파일\Object\Mesh\ObjFile</Filter>
    </ClInclude>
    <ClInclude Include="Asciitok.h">
      <Filter>헤더 파일\Object\Mesh\AseFile</Filter>
    </ClInclude>
    <ClInclude Include="AseFrame.h">
      <Filter>헤더 파일\Object\Mesh\AseFile</Filter>
    </ClInclude>
    <ClInclude Include="AseLoader.h">
      <Filter>헤더 파일\Object\Mesh\AseFile</Filter>
    </ClInclude>
    <ClInclude Include="GameObject.h">
      <Filter>헤더 파일\Object</Filter>
    </ClInclude>
    <ClInclude Include="Character.h">
      <Filter>헤더 파일\Object\Character</Filter>
    </ClInclude>
    <ClInclude Include="Character_HeightMapMove.h">
      <Filter>헤더 파일\Object\Character</Filter>
    </ClInclude>
    <ClInclude Include="GameState_SkyBox.h">
      <Filter>헤더 파일\GameState</Filter>
    </ClInclude>
    <ClInclude Include="SkyBox.h">
      <Filter>헤더 파일\Object\Field</Filter>
    </ClInclude>
    <ClInclude Include="Rocks_save.h">
      <Filter>헤더 파일\Object\Field</Filter>
    </ClInclude>
    <ClInclude Include="Camera.h">
      <Filter>헤더 파일\Framework\Camera</Filter>
    </ClInclude>
    <ClInclude Include="Collider_Box.h">
      <Filter>헤더 파일\Framework\Collision</Filter>
    </ClInclude>
    <ClInclude Include="Collider_Sphere.h">
      <Filter>헤더 파일\Framework\Collision</Filter>
    </ClInclude>
    <ClInclude Include="Collision.h">
      <Filter>헤더 파일\Framework\Collision</Filter>
    </ClInclude>
    <ClInclude Include="BoundingVolume.h">
      <Filter>헤더 파일\Framework\Collision</Filter>
    </ClInclude>
    <ClInclude Include="FrustumCulling.h">
      <Filter>헤더 파일\Framework\Camera</Filter>
    </ClInclude>
    <ClInclude Include="FVF.h">
      <Filter>헤더 파일\Framework\Utils</Filter>
    </ClInclude>
    <ClInclude Include="MemoryLeakCheck.h">
      <Filter>헤더 파일\Framework\Utils</Filter>
    </ClInclude>
    <ClInclude Include="Triangle.h">
      <Filter>헤더 파일\Framework\Utils</Filter>
    </ClInclude>
    <ClInclude Include="PlantTree.h">
      <Filter>헤더 파일\Object\Field</Filter>
    </ClInclude>
    <ClInclude Include="SkinnedMeshManager.h">
      <Filter>헤더 파일\Framework\Managers</Filter>
    </ClInclude>
    <ClInclude Include="SkinnedMesh.h">
      <Filter>헤더 파일\Object\X_File</Filter>
    </ClInclude>
    <ClInclude Include="SkinnedCharacter.h">
      <Filter>헤더 파일\Object\X_File</Filter>
    </ClInclude>
    <ClInclude Include="Player.h">
      <Filter>헤더 파일\Object\X_File</Filter>
    </ClInclude>
    <ClInclude Include="MaterialTexture.h">
      <Filter>헤더 파일\Object</Filter>
    </ClInclude>
    <ClInclude Include="AllocateHierarchy.h">
      <Filter>헤더 파일\Object\X_File</Filter>
    </ClInclude>
    <ClInclude Include="HeightMap.h">
      <Filter>헤더 파일\Object\Field\HeightMap</Filter>
    </ClInclude>
    <ClInclude Include="QuadTree.h">
      <Filter>헤더 파일\Object\Field</Filter>
    </ClInclude>
    <ClInclude Include="Tree.h">
      <Filter>헤더 파일\Object\Field</Filter>
    </ClInclude>
    <ClInclude Include="Rock_location.h">
      <Filter>헤더 파일\Object\Field</Filter>
    </ClInclude>
    <ClInclude Include="AIController.h">
      <Filter>헤더 파일\Framework\Utils</Filter>
    </ClInclude>
    <ClInclude Include="Monster.h">
      <Filter>헤더 파일\Framework\Utils</Filter>
    </ClInclude>
    <ClInclude Include="Boss.h">
      <Filter>헤더 파일\Framework\Utils</Filter>
    </ClInclude>
    <ClInclude Include="Minion.h">
      <Filter>헤더 파일\Framework\Utils</Filter>
    </ClInclude>
  </ItemGroup>
</Project>